{
  "name": "polyathlon-system",
  "lockfileVersion": 3,
  "requires": true,
  "packages": {
    "": {
      "dependencies": {
        "@vkid/sdk": "^2.0.0"
      },
      "devDependencies": {
        "typescript": "^5.5.4"
      }
    },
    "node_modules/@vkid/sdk": {
      "version": "2.3.0",
      "resolved": "https://registry.npmjs.org/@vkid/sdk/-/sdk-2.3.0.tgz",
      "integrity": "sha512-NG7DK57APSxg0PU77MeBduXo/meLJ6fhTAvPUC+EgvYMMydUK9sbAKek4Sbom8LQ1+bJerGFZ0kAFGn2Q/ihfQ==",
      "license": "MIT",
      "dependencies": {
        "crypto-js": "^4.1.1"
      }
    },
    "node_modules/crypto-js": {
      "version": "4.2.0",
      "resolved": "https://registry.npmjs.org/crypto-js/-/crypto-js-4.2.0.tgz",
      "integrity": "sha512-KALDyEYgpY+Rlob/iriUtjV6d5Eq+Y191A5g4UqLAi8CyGP9N1+FdVbkc1SxKc2r4YAYqG8JzO2KGL+AizD70Q==",
      "license": "MIT"
    },
    "node_modules/typescript": {
      "version": "5.5.4",
      "resolved": "https://registry.npmjs.org/typescript/-/typescript-5.5.4.tgz",
      "integrity": "sha512-Mtq29sKDAEYP7aljRgtPOpTvOfbwRWlS6dPRzwjdE+C0R4brX/GUyhHSecbHMFLNBLcJIPt9nl9yG5TZ1weH+Q==",
      "dev": true,
      "license": "Apache-2.0",
      "bin": {
        "tsc": "bin/tsc",
        "tsserver": "bin/tsserver"
      },
      "engines": {
        "node": ">=14.17"
      }
    }
  }
}
