{
  "name": "polyathlon-system",
  "lockfileVersion": 3,
  "requires": true,
  "packages": {
    "": {
      "dependencies": {
        "@vkid/sdk": "^2.0.0",
        "air-datepicker": "^3.5.3"
      },
      "devDependencies": {
        "typescript": "^5.5.4"
      }
    },
    "node_modules/@vkid/sdk": {
      "version": "2.4.0",
      "resolved": "https://registry.npmjs.org/@vkid/sdk/-/sdk-2.4.0.tgz",
      "integrity": "sha512-P5LEQ6O5/vUYelTjXP8F6GSXoQEICXJY0vtHL29y8Sq8K1TmK1oLdjEC8HxifAOHI9cSCltFG3jZbYnXcQyMsw==",
      "license": "MIT",
      "dependencies": {
        "crypto-js": "^4.1.1"
      }
    },
    "node_modules/air-datepicker": {
      "version": "3.5.3",
      "resolved": "https://registry.npmjs.org/air-datepicker/-/air-datepicker-3.5.3.tgz",
      "integrity": "sha512-Elf9gLhv/jidN1+TfeRJYMQRUfYx5apXw2dY5DuAMPRnNtQ4Iw9fTTJK772osmXSUB9xQ2Y8Q1Pt6pgBOQLPQw==",
      "license": "MIT"
    },
    "node_modules/crypto-js": {
      "version": "4.2.0",
      "resolved": "https://registry.npmjs.org/crypto-js/-/crypto-js-4.2.0.tgz",
      "integrity": "sha512-KALDyEYgpY+Rlob/iriUtjV6d5Eq+Y191A5g4UqLAi8CyGP9N1+FdVbkc1SxKc2r4YAYqG8JzO2KGL+AizD70Q==",
      "license": "MIT"
    },
    "node_modules/typescript": {
      "version": "5.7.2",
      "resolved": "https://registry.npmjs.org/typescript/-/typescript-5.7.2.tgz",
      "integrity": "sha512-i5t66RHxDvVN40HfDd1PsEThGNnlMCMT3jMUuoh9/0TaqWevNontacunWyN02LA9/fIbEWlcHZcgTKb9QoaLfg==",
      "dev": true,
      "license": "Apache-2.0",
      "bin": {
        "tsc": "bin/tsc",
        "tsserver": "bin/tsserver"
      },
      "engines": {
        "node": ">=14.17"
      }
    }
  }
}
